
Microsoft Visual Studio Solution File, Format Version 12.00
# Visual Studio Version 16
VisualStudioVersion = 16.0.29001.49
MinimumVisualStudioVersion = 10.0.40219.1
Project("{8BC9CEB8-8B4A-11D0-8D11-00A0C91BC942}") = "EuclideanGenerator", "EuclideanGenerator\EuclideanGenerator.vcxproj", "{02BFC3F1-0957-4157-B851-8BDD89DA20B4}"
EndProject
Project("{8BC9CEB8-8B4A-11D0-8D11-00A0C91BC942}") = "AdvancedEuclideanGenerator", "AdvancedEuclideanGenerator\AdvancedEuclideanGenerator.vcxproj", "{919A22E1-FC7E-406E-8524-78A1A44E4541}"
EndProject
Project("{8BC9CEB8-8B4A-11D0-8D11-00A0C91BC942}") = "MidiUniqueNotes", "MidiUniqueNotes\MidiUniqueNotes.vcxproj", "{B969E53D-55EE-4303-824E-AB09047BA149}"
EndProject
Global
	GlobalSection(SolutionConfigurationPlatforms) = preSolution
		Debug|Win32 = Debug|Win32
		Debug|x64 = Debug|x64
		Release|Win32 = Release|Win32
		Release|x64 = Release|x64
	EndGlobalSection
	GlobalSection(ProjectConfigurationPlatforms) = postSolution
		{02BFC3F1-0957-4157-B851-8BDD89DA20B4}.Debug|Win32.ActiveCfg = Debug|Win32
		{02BFC3F1-0957-4157-B851-8BDD89DA20B4}.Debug|Win32.Build.0 = Debug|Win32
		{02BFC3F1-0957-4157-B851-8BDD89DA20B4}.Debug|x64.ActiveCfg = Debug|x64
		{02BFC3F1-0957-4157-B851-8BDD89DA20B4}.Debug|x64.Build.0 = Debug|x64
		{02BFC3F1-0957-4157-B851-8BDD89DA20B4}.Release|Win32.ActiveCfg = Release|Win32
		{02BFC3F1-0957-4157-B851-8BDD89DA20B4}.Release|Win32.Build.0 = Release|Win32
		{02BFC3F1-0957-4157-B851-8BDD89DA20B4}.Release|x64.ActiveCfg = Release|x64
		{02BFC3F1-0957-4157-B851-8BDD89DA20B4}.Release|x64.Build.0 = Release|x64
		{919A22E1-FC7E-406E-8524-78A1A44E4541}.Debug|Win32.ActiveCfg = Debug|Win32
		{919A22E1-FC7E-406E-8524-78A1A44E4541}.Debug|Win32.Build.0 = Debug|Win32
		{919A22E1-FC7E-406E-8524-78A1A44E4541}.Debug|x64.ActiveCfg = Debug|x64
		{919A22E1-FC7E-406E-8524-78A1A44E4541}.Debug|x64.Build.0 = Debug|x64
		{919A22E1-FC7E-406E-8524-78A1A44E4541}.Release|Win32.ActiveCfg = Release|Win32
		{919A22E1-FC7E-406E-8524-78A1A44E4541}.Release|Win32.Build.0 = Release|Win32
		{919A22E1-FC7E-406E-8524-78A1A44E4541}.Release|x64.ActiveCfg = Release|x64
		{919A22E1-FC7E-406E-8524-78A1A44E4541}.Release|x64.Build.0 = Release|x64
		{B969E53D-55EE-4303-824E-AB09047BA149}.Debug|Win32.ActiveCfg = Debug|Win32
		{B969E53D-55EE-4303-824E-AB09047BA149}.Debug|Win32.Build.0 = Debug|Win32
		{B969E53D-55EE-4303-824E-AB09047BA149}.Debug|x64.ActiveCfg = Debug|x64
		{B969E53D-55EE-4303-824E-AB09047BA149}.Debug|x64.Build.0 = Debug|x64
		{B969E53D-55EE-4303-824E-AB09047BA149}.Release|Win32.ActiveCfg = Release|Win32
		{B969E53D-55EE-4303-824E-AB09047BA149}.Release|Win32.Build.0 = Release|Win32
		{B969E53D-55EE-4303-824E-AB09047BA149}.Release|x64.ActiveCfg = Release|x64
		{B969E53D-55EE-4303-824E-AB09047BA149}.Release|x64.Build.0 = Release|x64
	EndGlobalSection
	GlobalSection(SolutionProperties) = preSolution
		HideSolutionNode = FALSE
	EndGlobalSection
	GlobalSection(ExtensibilityGlobals) = postSolution
		SolutionGuid = {DCA4A30E-8AE7-454E-B118-164F7CC95093}
	EndGlobalSection
EndGlobal
