<?xml version="1.0" encoding="utf-8"?>
<Project ToolsVersion="4.0" xmlns="http://schemas.microsoft.com/developer/msbuild/2003">
  <ItemGroup>
    <Filter Include="sdk">
      <UniqueIdentifier>{27815092-9ceb-4108-817c-e7cb26c7fdf7}</UniqueIdentifier>
    </Filter>
    <Filter Include="libs">
      <UniqueIdentifier>{21ca4e13-7025-493f-9136-8a2b3b166432}</UniqueIdentifier>
    </Filter>
    <Filter Include="src">
      <UniqueIdentifier>{757e603c-e823-4202-9e0a-d5424347b8c3}</UniqueIdentifier>
    </Filter>
  </ItemGroup>
  <ItemGroup>
    <ClInclude Include="..\libs\bjorklund.h">
      <Filter>libs</Filter>
    </ClInclude>
    <ClInclude Include="AdvancedEuclideanGenerator.h">
      <Filter>src</Filter>
    </ClInclude>
    <ClInclude Include="..\..\Usine-SDK\sdk\UserDefinitions.h">
      <Filter>sdk</Filter>
    </ClInclude>
    <ClInclude Include="..\..\Usine-SDK\sdk\UserModule.h">
      <Filter>sdk</Filter>
    </ClInclude>
    <ClInclude Include="..\..\Usine-SDK\sdk\UserUtils.h">
      <Filter>sdk</Filter>
    </ClInclude>
    <ClInclude Include="..\..\Usine-SDK\sdk\UsineDefinitions.h">
      <Filter>sdk</Filter>
    </ClInclude>
  </ItemGroup>
  <ItemGroup>
    <ClCompile Include="..\libs\bjorklund.cpp">
      <Filter>libs</Filter>
    </ClCompile>
    <ClCompile Include="AdvancedEuclideanGenerator.cpp">
      <Filter>src</Filter>
    </ClCompile>
    <ClCompile Include="..\..\Usine-SDK\sdk\UserModule.cpp">
      <Filter>sdk</Filter>
    </ClCompile>
    <ClCompile Include="..\..\Usine-SDK\sdk\UserUtils.cpp">
      <Filter>sdk</Filter>
    </ClCompile>
  </ItemGroup>
</Project>