<?xml version="1.0" encoding="utf-8"?>
<Project ToolsVersion="4.0" xmlns="http://schemas.microsoft.com/developer/msbuild/2003">
  <ItemGroup>
    <Filter Include="sdk">
      <UniqueIdentifier>{0bf9202f-d676-45ab-ab95-1ebfc852c734}</UniqueIdentifier>
    </Filter>
    <Filter Include="src">
      <UniqueIdentifier>{3a995710-3901-43f3-a426-acb9cdb158b4}</UniqueIdentifier>
    </Filter>
  </ItemGroup>
  <ItemGroup>
    <ClInclude Include="MidiUniqueNotes.h">
      <Filter>src</Filter>
    </ClInclude>
    <ClInclude Include="..\..\Usine-SDK\sdk\UserDefinitions.h">
      <Filter>sdk</Filter>
    </ClInclude>
    <ClInclude Include="..\..\Usine-SDK\sdk\UserModule.h">
      <Filter>sdk</Filter>
    </ClInclude>
    <ClInclude Include="..\..\Usine-SDK\sdk\UserUtils.h">
      <Filter>sdk</Filter>
    </ClInclude>
    <ClInclude Include="..\..\Usine-SDK\sdk\UsineDefinitions.h">
      <Filter>sdk</Filter>
    </ClInclude>
  </ItemGroup>
  <ItemGroup>
    <ClCompile Include="MidiUniqueNotes.cpp">
      <Filter>src</Filter>
    </ClCompile>
    <ClCompile Include="..\..\Usine-SDK\sdk\UserModule.cpp">
      <Filter>sdk</Filter>
    </ClCompile>
    <ClCompile Include="..\..\Usine-SDK\sdk\UserUtils.cpp">
      <Filter>sdk</Filter>
    </ClCompile>
  </ItemGroup>
</Project>