<?xml version="1.0" encoding="utf-8"?>
<Project ToolsVersion="4.0" xmlns="http://schemas.microsoft.com/developer/msbuild/2003">
  <ItemGroup>
    <ClCompile Include="ApcPushKeyboard.cpp">
      <Filter>src</Filter>
    </ClCompile>
    <ClCompile Include="..\..\Usine-SDK\sdk\UserModule.cpp">
      <Filter>sdk</Filter>
    </ClCompile>
    <ClCompile Include="..\..\Usine-SDK\sdk\UserUtils.cpp">
      <Filter>sdk</Filter>
    </ClCompile>
  </ItemGroup>
  <ItemGroup>
    <ClInclude Include="ApcPushKeyboard.h">
      <Filter>src</Filter>
    </ClInclude>
    <ClInclude Include="..\libs\bjorklund.h">
      <Filter>libs</Filter>
    </ClInclude>
    <ClInclude Include="..\..\Usine-SDK\sdk\UserDefinitions.h">
      <Filter>sdk</Filter>
    </ClInclude>
    <ClInclude Include="..\..\Usine-SDK\sdk\UserModule.h">
      <Filter>sdk</Filter>
    </ClInclude>
    <ClInclude Include="..\..\Usine-SDK\sdk\UserUtils.h">
      <Filter>sdk</Filter>
    </ClInclude>
    <ClInclude Include="..\..\Usine-SDK\sdk\UsineDefinitions.h">
      <Filter>sdk</Filter>
    </ClInclude>
  </ItemGroup>
  <ItemGroup>
    <Filter Include="sdk">
      <UniqueIdentifier>{ee89b102-beb0-4453-b8d6-7dbd00367202}</UniqueIdentifier>
    </Filter>
    <Filter Include="src">
      <UniqueIdentifier>{c04999a7-8d49-4c3f-8cc2-b3f4a6d9fda2}</UniqueIdentifier>
    </Filter>
    <Filter Include="libs">
      <UniqueIdentifier>{a094e211-9bdd-4004-9142-4f94d5d2a70e}</UniqueIdentifier>
    </Filter>
  </ItemGroup>
</Project>